
Microsoft Visual Studio Solution File, Format Version 12.00
# Visual Studio Version 16
VisualStudioVersion = 16.0.31605.320
MinimumVisualStudioVersion = 10.0.40219.1
Project("{9A19103F-16F7-4668-BE54-9A1E7A4F7556}") = "sharplib", "sharplib\sharplib.csproj", "{08E7C11F-FBEC-41F9-AEC1-696E34933670}"
EndProject
Project("{9A19103F-16F7-4668-BE54-9A1E7A4F7556}") = "app", "app\app.csproj", "{228ABFF5-5CB1-45EA-88B2-608C8D2FB245}"
EndProject
Project("{9A19103F-16F7-4668-BE54-9A1E7A4F7556}") = "sharpsvr", "sharpsvr\sharpsvr.csproj", "{F127BF52-A76E-4656-8132-EA0E112E2AEF}"
EndProject
Project("{2150E333-8FDC-42A3-9474-1A3956D46DE8}") = "Solution Items", "Solution Items", "{EAEEA02E-2644-4441-973A-6957E53769CA}"
	ProjectSection(SolutionItems) = preProject
		article\article.htm = article\article.htm
	EndProjectSection
EndProject
Project("{9A19103F-16F7-4668-BE54-9A1E7A4F7556}") = "seasvr", "seasvr\seasvr.csproj", "{92A850A9-FE4C-48D1-A178-E8A265685004}"
	ProjectSection(ProjectDependencies) = postProject
		{08B715B1-C311-4D6F-839B-0059407F2D28} = {08B715B1-C311-4D6F-839B-0059407F2D28}
	EndProjectSection
EndProject
Project("{8BC9CEB8-8B4A-11D0-8D11-00A0C91BC942}") = "seadll", "seadll\seadll.vcxproj", "{08B715B1-C311-4D6F-839B-0059407F2D28}"
EndProject
Project("{E24C65DC-7377-472B-9ABA-BC803B73C61A}") = "sealib", "sealib\", "{D496EC70-C393-4AD3-A7BF-AC0A6611E4E2}"
	ProjectSection(WebsiteProperties) = preProject
		TargetFrameworkMoniker = ".NETFramework,Version%3Dv4.0"
		Debug.AspNetCompiler.VirtualPath = "/localhost_64407"
		Debug.AspNetCompiler.PhysicalPath = "sealib\"
		Debug.AspNetCompiler.TargetPath = "PrecompiledWeb\localhost_64407\"
		Debug.AspNetCompiler.Updateable = "true"
		Debug.AspNetCompiler.ForceOverwrite = "true"
		Debug.AspNetCompiler.FixedNames = "false"
		Debug.AspNetCompiler.Debug = "True"
		Release.AspNetCompiler.VirtualPath = "/localhost_64407"
		Release.AspNetCompiler.PhysicalPath = "sealib\"
		Release.AspNetCompiler.TargetPath = "PrecompiledWeb\localhost_64407\"
		Release.AspNetCompiler.Updateable = "true"
		Release.AspNetCompiler.ForceOverwrite = "true"
		Release.AspNetCompiler.FixedNames = "false"
		Release.AspNetCompiler.Debug = "False"
		VWDPort = "64407"
		SlnRelativePath = "sealib\"
	EndProjectSection
EndProject
Global
	GlobalSection(SolutionConfigurationPlatforms) = preSolution
		Debug|Any CPU = Debug|Any CPU
		Debug|x64 = Debug|x64
		Debug|x86 = Debug|x86
		Release|Any CPU = Release|Any CPU
		Release|x64 = Release|x64
		Release|x86 = Release|x86
	EndGlobalSection
	GlobalSection(ProjectConfigurationPlatforms) = postSolution
		{08E7C11F-FBEC-41F9-AEC1-696E34933670}.Debug|Any CPU.ActiveCfg = Debug|Any CPU
		{08E7C11F-FBEC-41F9-AEC1-696E34933670}.Debug|Any CPU.Build.0 = Debug|Any CPU
		{08E7C11F-FBEC-41F9-AEC1-696E34933670}.Debug|x64.ActiveCfg = Debug|x64
		{08E7C11F-FBEC-41F9-AEC1-696E34933670}.Debug|x64.Build.0 = Debug|x64
		{08E7C11F-FBEC-41F9-AEC1-696E34933670}.Debug|x86.ActiveCfg = Debug|Any CPU
		{08E7C11F-FBEC-41F9-AEC1-696E34933670}.Debug|x86.Build.0 = Debug|Any CPU
		{08E7C11F-FBEC-41F9-AEC1-696E34933670}.Release|Any CPU.ActiveCfg = Release|Any CPU
		{08E7C11F-FBEC-41F9-AEC1-696E34933670}.Release|Any CPU.Build.0 = Release|Any CPU
		{08E7C11F-FBEC-41F9-AEC1-696E34933670}.Release|x64.ActiveCfg = Release|Any CPU
		{08E7C11F-FBEC-41F9-AEC1-696E34933670}.Release|x64.Build.0 = Release|Any CPU
		{08E7C11F-FBEC-41F9-AEC1-696E34933670}.Release|x86.ActiveCfg = Release|Any CPU
		{08E7C11F-FBEC-41F9-AEC1-696E34933670}.Release|x86.Build.0 = Release|Any CPU
		{228ABFF5-5CB1-45EA-88B2-608C8D2FB245}.Debug|Any CPU.ActiveCfg = Debug|Any CPU
		{228ABFF5-5CB1-45EA-88B2-608C8D2FB245}.Debug|Any CPU.Build.0 = Debug|Any CPU
		{228ABFF5-5CB1-45EA-88B2-608C8D2FB245}.Debug|x64.ActiveCfg = Debug|x64
		{228ABFF5-5CB1-45EA-88B2-608C8D2FB245}.Debug|x64.Build.0 = Debug|x64
		{228ABFF5-5CB1-45EA-88B2-608C8D2FB245}.Debug|x86.ActiveCfg = Debug|Any CPU
		{228ABFF5-5CB1-45EA-88B2-608C8D2FB245}.Debug|x86.Build.0 = Debug|Any CPU
		{228ABFF5-5CB1-45EA-88B2-608C8D2FB245}.Release|Any CPU.ActiveCfg = Release|Any CPU
		{228ABFF5-5CB1-45EA-88B2-608C8D2FB245}.Release|Any CPU.Build.0 = Release|Any CPU
		{228ABFF5-5CB1-45EA-88B2-608C8D2FB245}.Release|x64.ActiveCfg = Release|Any CPU
		{228ABFF5-5CB1-45EA-88B2-608C8D2FB245}.Release|x64.Build.0 = Release|Any CPU
		{228ABFF5-5CB1-45EA-88B2-608C8D2FB245}.Release|x86.ActiveCfg = Release|Any CPU
		{228ABFF5-5CB1-45EA-88B2-608C8D2FB245}.Release|x86.Build.0 = Release|Any CPU
		{F127BF52-A76E-4656-8132-EA0E112E2AEF}.Debug|Any CPU.ActiveCfg = Debug|Any CPU
		{F127BF52-A76E-4656-8132-EA0E112E2AEF}.Debug|Any CPU.Build.0 = Debug|Any CPU
		{F127BF52-A76E-4656-8132-EA0E112E2AEF}.Debug|x64.ActiveCfg = Debug|x64
		{F127BF52-A76E-4656-8132-EA0E112E2AEF}.Debug|x64.Build.0 = Debug|x64
		{F127BF52-A76E-4656-8132-EA0E112E2AEF}.Debug|x86.ActiveCfg = Debug|Any CPU
		{F127BF52-A76E-4656-8132-EA0E112E2AEF}.Debug|x86.Build.0 = Debug|Any CPU
		{F127BF52-A76E-4656-8132-EA0E112E2AEF}.Release|Any CPU.ActiveCfg = Release|Any CPU
		{F127BF52-A76E-4656-8132-EA0E112E2AEF}.Release|Any CPU.Build.0 = Release|Any CPU
		{F127BF52-A76E-4656-8132-EA0E112E2AEF}.Release|x64.ActiveCfg = Release|Any CPU
		{F127BF52-A76E-4656-8132-EA0E112E2AEF}.Release|x64.Build.0 = Release|Any CPU
		{F127BF52-A76E-4656-8132-EA0E112E2AEF}.Release|x86.ActiveCfg = Release|Any CPU
		{F127BF52-A76E-4656-8132-EA0E112E2AEF}.Release|x86.Build.0 = Release|Any CPU
		{92A850A9-FE4C-48D1-A178-E8A265685004}.Debug|Any CPU.ActiveCfg = Debug|Any CPU
		{92A850A9-FE4C-48D1-A178-E8A265685004}.Debug|Any CPU.Build.0 = Debug|Any CPU
		{92A850A9-FE4C-48D1-A178-E8A265685004}.Debug|x64.ActiveCfg = Debug|x64
		{92A850A9-FE4C-48D1-A178-E8A265685004}.Debug|x64.Build.0 = Debug|x64
		{92A850A9-FE4C-48D1-A178-E8A265685004}.Debug|x86.ActiveCfg = Debug|Any CPU
		{92A850A9-FE4C-48D1-A178-E8A265685004}.Debug|x86.Build.0 = Debug|Any CPU
		{92A850A9-FE4C-48D1-A178-E8A265685004}.Release|Any CPU.ActiveCfg = Release|Any CPU
		{92A850A9-FE4C-48D1-A178-E8A265685004}.Release|Any CPU.Build.0 = Release|Any CPU
		{92A850A9-FE4C-48D1-A178-E8A265685004}.Release|x64.ActiveCfg = Release|Any CPU
		{92A850A9-FE4C-48D1-A178-E8A265685004}.Release|x64.Build.0 = Release|Any CPU
		{92A850A9-FE4C-48D1-A178-E8A265685004}.Release|x86.ActiveCfg = Release|Any CPU
		{92A850A9-FE4C-48D1-A178-E8A265685004}.Release|x86.Build.0 = Release|Any CPU
		{08B715B1-C311-4D6F-839B-0059407F2D28}.Debug|Any CPU.ActiveCfg = Debug|Win32
		{08B715B1-C311-4D6F-839B-0059407F2D28}.Debug|Any CPU.Build.0 = Debug|Win32
		{08B715B1-C311-4D6F-839B-0059407F2D28}.Debug|x64.ActiveCfg = Debug|x64
		{08B715B1-C311-4D6F-839B-0059407F2D28}.Debug|x64.Build.0 = Debug|x64
		{08B715B1-C311-4D6F-839B-0059407F2D28}.Debug|x86.ActiveCfg = Debug|Win32
		{08B715B1-C311-4D6F-839B-0059407F2D28}.Debug|x86.Build.0 = Debug|Win32
		{08B715B1-C311-4D6F-839B-0059407F2D28}.Release|Any CPU.ActiveCfg = Release|Win32
		{08B715B1-C311-4D6F-839B-0059407F2D28}.Release|Any CPU.Build.0 = Release|Win32
		{08B715B1-C311-4D6F-839B-0059407F2D28}.Release|x64.ActiveCfg = Release|Win32
		{08B715B1-C311-4D6F-839B-0059407F2D28}.Release|x64.Build.0 = Release|Win32
		{08B715B1-C311-4D6F-839B-0059407F2D28}.Release|x86.ActiveCfg = Release|Win32
		{08B715B1-C311-4D6F-839B-0059407F2D28}.Release|x86.Build.0 = Release|Win32
		{D496EC70-C393-4AD3-A7BF-AC0A6611E4E2}.Debug|Any CPU.ActiveCfg = Debug|Any CPU
		{D496EC70-C393-4AD3-A7BF-AC0A6611E4E2}.Debug|Any CPU.Build.0 = Debug|Any CPU
		{D496EC70-C393-4AD3-A7BF-AC0A6611E4E2}.Debug|x64.ActiveCfg = Debug|Any CPU
		{D496EC70-C393-4AD3-A7BF-AC0A6611E4E2}.Debug|x64.Build.0 = Debug|Any CPU
		{D496EC70-C393-4AD3-A7BF-AC0A6611E4E2}.Debug|x86.ActiveCfg = Debug|Any CPU
		{D496EC70-C393-4AD3-A7BF-AC0A6611E4E2}.Debug|x86.Build.0 = Debug|Any CPU
		{D496EC70-C393-4AD3-A7BF-AC0A6611E4E2}.Release|Any CPU.ActiveCfg = Debug|Any CPU
		{D496EC70-C393-4AD3-A7BF-AC0A6611E4E2}.Release|Any CPU.Build.0 = Debug|Any CPU
		{D496EC70-C393-4AD3-A7BF-AC0A6611E4E2}.Release|x64.ActiveCfg = Debug|Any CPU
		{D496EC70-C393-4AD3-A7BF-AC0A6611E4E2}.Release|x64.Build.0 = Debug|Any CPU
		{D496EC70-C393-4AD3-A7BF-AC0A6611E4E2}.Release|x86.ActiveCfg = Debug|Any CPU
		{D496EC70-C393-4AD3-A7BF-AC0A6611E4E2}.Release|x86.Build.0 = Debug|Any CPU
	EndGlobalSection
	GlobalSection(SolutionProperties) = preSolution
		HideSolutionNode = FALSE
	EndGlobalSection
	GlobalSection(ExtensibilityGlobals) = postSolution
		SolutionGuid = {C2530786-4F89-43E5-AFFE-E318CB7B090C}
	EndGlobalSection
EndGlobal
